
Microsoft Visual Studio Solution File, Format Version 12.00
# Visual Studio Version 17
VisualStudioVersion = 17.4.33205.214
MinimumVisualStudioVersion = 10.0.40219.1
Project("{FAE04EC0-301F-11D3-BF4B-00C04F79EFBC}") = "Delegates_Events_lambdas", "Delegates_Events_lambdas\Delegates_Events_lambdas.csproj", "{C116A1C8-E4FD-4643-A263-81B86E954FB2}"
EndProject
Global
	GlobalSection(SolutionConfigurationPlatforms) = preSolution
		Debug|Any CPU = Debug|Any CPU
		Release|Any CPU = Release|Any CPU
	EndGlobalSection
	GlobalSection(ProjectConfigurationPlatforms) = postSolution
		{C116A1C8-E4FD-4643-A263-81B86E954FB2}.Debug|Any CPU.ActiveCfg = Debug|Any CPU
		{C116A1C8-E4FD-4643-A263-81B86E954FB2}.Debug|Any CPU.Build.0 = Debug|Any CPU
		{C116A1C8-E4FD-4643-A263-81B86E954FB2}.Release|Any CPU.ActiveCfg = Release|Any CPU
		{C116A1C8-E4FD-4643-A263-81B86E954FB2}.Release|Any CPU.Build.0 = Release|Any CPU
	EndGlobalSection
	GlobalSection(SolutionProperties) = preSolution
		HideSolutionNode = FALSE
	EndGlobalSection
	GlobalSection(ExtensibilityGlobals) = postSolution
		SolutionGuid = {D5CBC6D5-8267-4D79-B6BA-810204529B77}
	EndGlobalSection
EndGlobal
